
Microsoft Visual Studio Solution File, Format Version 12.00
# Visual Studio Version 16
VisualStudioVersion = 16.0.32228.343
MinimumVisualStudioVersion = 10.0.40219.1
Project("{FAE04EC0-301F-11D3-BF4B-00C04F79EFBC}") = "DataBaseConnectionWinForms", "DataBaseConnectionWinForms\DataBaseConnectionWinForms.csproj", "{D342165C-B5CF-4A15-899A-F5E0A681FF76}"
EndProject
Project("{FAE04EC0-301F-11D3-BF4B-00C04F79EFBC}") = "WindowsFormsApp1", "WindowsFormsApp1\WindowsFormsApp1.csproj", "{ABBA4BF0-3963-4A02-810E-44EC5DE2D7AF}"
EndProject
Global
	GlobalSection(SolutionConfigurationPlatforms) = preSolution
		Debug|Any CPU = Debug|Any CPU
		Release|Any CPU = Release|Any CPU
	EndGlobalSection
	GlobalSection(ProjectConfigurationPlatforms) = postSolution
		{D342165C-B5CF-4A15-899A-F5E0A681FF76}.Debug|Any CPU.ActiveCfg = Debug|Any CPU
		{D342165C-B5CF-4A15-899A-F5E0A681FF76}.Debug|Any CPU.Build.0 = Debug|Any CPU
		{D342165C-B5CF-4A15-899A-F5E0A681FF76}.Release|Any CPU.ActiveCfg = Release|Any CPU
		{D342165C-B5CF-4A15-899A-F5E0A681FF76}.Release|Any CPU.Build.0 = Release|Any CPU
		{ABBA4BF0-3963-4A02-810E-44EC5DE2D7AF}.Debug|Any CPU.ActiveCfg = Debug|Any CPU
		{ABBA4BF0-3963-4A02-810E-44EC5DE2D7AF}.Debug|Any CPU.Build.0 = Debug|Any CPU
		{ABBA4BF0-3963-4A02-810E-44EC5DE2D7AF}.Release|Any CPU.ActiveCfg = Release|Any CPU
		{ABBA4BF0-3963-4A02-810E-44EC5DE2D7AF}.Release|Any CPU.Build.0 = Release|Any CPU
	EndGlobalSection
	GlobalSection(SolutionProperties) = preSolution
		HideSolutionNode = FALSE
	EndGlobalSection
	GlobalSection(ExtensibilityGlobals) = postSolution
		SolutionGuid = {78CC5461-7438-4116-80CA-B924F1D393FE}
	EndGlobalSection
EndGlobal
